
Microsoft Visual Studio Solution File, Format Version 12.00
# Visual Studio Version 17
VisualStudioVersion = 17.8.34525.116
MinimumVisualStudioVersion = 10.0.40219.1
Project("{FAE04EC0-301F-11D3-BF4B-00C04F79EFBC}") = "2024_airbnb_herkansing", "2024_airbnb_herkansing.csproj", "{ADFB3928-8462-46EC-A9CB-485325A707FC}"
EndProject
Global
	GlobalSection(SolutionConfigurationPlatforms) = preSolution
		Debug|Any CPU = Debug|Any CPU
		Release|Any CPU = Release|Any CPU
	EndGlobalSection
	GlobalSection(ProjectConfigurationPlatforms) = postSolution
		{ADFB3928-8462-46EC-A9CB-485325A707FC}.Debug|Any CPU.ActiveCfg = Debug|Any CPU
		{ADFB3928-8462-46EC-A9CB-485325A707FC}.Debug|Any CPU.Build.0 = Debug|Any CPU
		{ADFB3928-8462-46EC-A9CB-485325A707FC}.Release|Any CPU.ActiveCfg = Release|Any CPU
		{ADFB3928-8462-46EC-A9CB-485325A707FC}.Release|Any CPU.Build.0 = Release|Any CPU
	EndGlobalSection
	GlobalSection(SolutionProperties) = preSolution
		HideSolutionNode = FALSE
	EndGlobalSection
	GlobalSection(ExtensibilityGlobals) = postSolution
		SolutionGuid = {395D3EBE-4EAE-471E-9716-CF30055D59F9}
	EndGlobalSection
EndGlobal
